
Microsoft Visual Studio Solution File, Format Version 12.00
# Visual Studio Version 17
VisualStudioVersion = 17.11.35222.181
MinimumVisualStudioVersion = 10.0.40219.1
Project("{FAE04EC0-301F-11D3-BF4B-00C04F79EFBC}") = "ConsoleApp1", "ConsoleApp1\ConsoleApp1.csproj", "{2C450608-EFA8-4538-9BFA-BD6C62BF1826}"
EndProject
Global
	GlobalSection(SolutionConfigurationPlatforms) = preSolution
		Debug|Any CPU = Debug|Any CPU
		Release|Any CPU = Release|Any CPU
	EndGlobalSection
	GlobalSection(ProjectConfigurationPlatforms) = postSolution
		{2C450608-EFA8-4538-9BFA-BD6C62BF1826}.Debug|Any CPU.ActiveCfg = Debug|Any CPU
		{2C450608-EFA8-4538-9BFA-BD6C62BF1826}.Debug|Any CPU.Build.0 = Debug|Any CPU
		{2C450608-EFA8-4538-9BFA-BD6C62BF1826}.Release|Any CPU.ActiveCfg = Release|Any CPU
		{2C450608-EFA8-4538-9BFA-BD6C62BF1826}.Release|Any CPU.Build.0 = Release|Any CPU
	EndGlobalSection
	GlobalSection(SolutionProperties) = preSolution
		HideSolutionNode = FALSE
	EndGlobalSection
	GlobalSection(ExtensibilityGlobals) = postSolution
		SolutionGuid = {F58E08D8-68E5-4C1B-95F4-F0EFC7FC72BF}
	EndGlobalSection
EndGlobal
